// !$*UTF8*$!
{
	archiveVersion = 1;
	classes = {
	};
	objectVersion = 55;
	objects = {

/* Begin PBXBuildFile section */
		D508A9D4299ED748007B89F7 /* TweetTableViewCell.swift in Sources */ = {isa = PBXBuildFile; fileRef = D508A9D3299ED748007B89F7 /* TweetTableViewCell.swift */; };
		D59BE19D299D5744003698CE /* AppDelegate.swift in Sources */ = {isa = PBXBuildFile; fileRef = D59BE19C299D5744003698CE /* AppDelegate.swift */; };
		D59BE19F299D5744003698CE /* SceneDelegate.swift in Sources */ = {isa = PBXBuildFile; fileRef = D59BE19E299D5744003698CE /* SceneDelegate.swift */; };
		D59BE1A1299D5744003698CE /* MainTabBarViewController.swift in Sources */ = {isa = PBXBuildFile; fileRef = D59BE1A0299D5744003698CE /* MainTabBarViewController.swift */; };
		D59BE1A6299D5746003698CE /* Assets.xcassets in Resources */ = {isa = PBXBuildFile; fileRef = D59BE1A5299D5746003698CE /* Assets.xcassets */; };
		D59BE1A9299D5746003698CE /* LaunchScreen.storyboard in Resources */ = {isa = PBXBuildFile; fileRef = D59BE1A7299D5746003698CE /* LaunchScreen.storyboard */; };
		D59BE1B3299D59AF003698CE /* HomeViewController.swift in Sources */ = {isa = PBXBuildFile; fileRef = D59BE1B2299D59AF003698CE /* HomeViewController.swift */; };
		D59BE1B5299D59D9003698CE /* SearchViewController.swift in Sources */ = {isa = PBXBuildFile; fileRef = D59BE1B4299D59D9003698CE /* SearchViewController.swift */; };
		D59BE1B7299D59E9003698CE /* NotificationsViewController.swift in Sources */ = {isa = PBXBuildFile; fileRef = D59BE1B6299D59E9003698CE /* NotificationsViewController.swift */; };
		D59BE1B9299D59FA003698CE /* DirectMessagesViewController.swift in Sources */ = {isa = PBXBuildFile; fileRef = D59BE1B8299D59FA003698CE /* DirectMessagesViewController.swift */; };
		D5D433AC299F948B0072C072 /* ProfileViewController.swift in Sources */ = {isa = PBXBuildFile; fileRef = D5D433AB299F948B0072C072 /* ProfileViewController.swift */; };
		D5D433AE299FA23D0072C072 /* ProfileTableViewHeader.swift in Sources */ = {isa = PBXBuildFile; fileRef = D5D433AD299FA23D0072C072 /* ProfileTableViewHeader.swift */; };
/* End PBXBuildFile section */

/* Begin PBXFileReference section */
		D508A9D3299ED748007B89F7 /* TweetTableViewCell.swift */ = {isa = PBXFileReference; lastKnownFileType = sourcecode.swift; path = TweetTableViewCell.swift; sourceTree = "<group>"; };
		D59BE199299D5744003698CE /* TwitterClone.app */ = {isa = PBXFileReference; explicitFileType = wrapper.application; includeInIndex = 0; path = TwitterClone.app; sourceTree = BUILT_PRODUCTS_DIR; };
		D59BE19C299D5744003698CE /* AppDelegate.swift */ = {isa = PBXFileReference; lastKnownFileType = sourcecode.swift; path = AppDelegate.swift; sourceTree = "<group>"; };
		D59BE19E299D5744003698CE /* SceneDelegate.swift */ = {isa = PBXFileReference; lastKnownFileType = sourcecode.swift; path = SceneDelegate.swift; sourceTree = "<group>"; };
		D59BE1A0299D5744003698CE /* MainTabBarViewController.swift */ = {isa = PBXFileReference; lastKnownFileType = sourcecode.swift; path = MainTabBarViewController.swift; sourceTree = "<group>"; };
		D59BE1A5299D5746003698CE /* Assets.xcassets */ = {isa = PBXFileReference; lastKnownFileType = folder.assetcatalog; path = Assets.xcassets; sourceTree = "<group>"; };
		D59BE1A8299D5746003698CE /* Base */ = {isa = PBXFileReference; lastKnownFileType = file.storyboard; name = Base; path = Base.lproj/LaunchScreen.storyboard; sourceTree = "<group>"; };
		D59BE1AA299D5746003698CE /* Info.plist */ = {isa = PBXFileReference; lastKnownFileType = text.plist.xml; path = Info.plist; sourceTree = "<group>"; };
		D59BE1B2299D59AF003698CE /* HomeViewController.swift */ = {isa = PBXFileReference; lastKnownFileType = sourcecode.swift; path = HomeViewController.swift; sourceTree = "<group>"; };
		D59BE1B4299D59D9003698CE /* SearchViewController.swift */ = {isa = PBXFileReference; lastKnownFileType = sourcecode.swift; path = SearchViewController.swift; sourceTree = "<group>"; };
		D59BE1B6299D59E9003698CE /* NotificationsViewController.swift */ = {isa = PBXFileReference; lastKnownFileType = sourcecode.swift; path = NotificationsViewController.swift; sourceTree = "<group>"; };
		D59BE1B8299D59FA003698CE /* DirectMessagesViewController.swift */ = {isa = PBXFileReference; lastKnownFileType = sourcecode.swift; path = DirectMessagesViewController.swift; sourceTree = "<group>"; };
		D5D433AB299F948B0072C072 /* ProfileViewController.swift */ = {isa = PBXFileReference; lastKnownFileType = sourcecode.swift; path = ProfileViewController.swift; sourceTree = "<group>"; };
		D5D433AD299FA23D0072C072 /* ProfileTableViewHeader.swift */ = {isa = PBXFileReference; lastKnownFileType = sourcecode.swift; path = ProfileTableViewHeader.swift; sourceTree = "<group>"; };
/* End PBXFileReference section */

/* Begin PBXFrameworksBuildPhase section */
		D59BE196299D5744003698CE /* Frameworks */ = {
			isa = PBXFrameworksBuildPhase;
			buildActionMask = 2147483647;
			files = (
			);
			runOnlyForDeploymentPostprocessing = 0;
		};
/* End PBXFrameworksBuildPhase section */

/* Begin PBXGroup section */
		D508A9D2299ED720007B89F7 /* Views */ = {
			isa = PBXGroup;
			children = (
				D508A9D3299ED748007B89F7 /* TweetTableViewCell.swift */,
				D5D433AD299FA23D0072C072 /* ProfileTableViewHeader.swift */,
			);
			path = Views;
			sourceTree = "<group>";
		};
		D59BE190299D5744003698CE = {
			isa = PBXGroup;
			children = (
				D59BE19B299D5744003698CE /* TwitterClone */,
				D59BE19A299D5744003698CE /* Products */,
			);
			sourceTree = "<group>";
		};
		D59BE19A299D5744003698CE /* Products */ = {
			isa = PBXGroup;
			children = (
				D59BE199299D5744003698CE /* TwitterClone.app */,
			);
			name = Products;
			sourceTree = "<group>";
		};
		D59BE19B299D5744003698CE /* TwitterClone */ = {
			isa = PBXGroup;
			children = (
				D508A9D2299ED720007B89F7 /* Views */,
				D59BE1B0299D5987003698CE /* Controllers */,
				D59BE19C299D5744003698CE /* AppDelegate.swift */,
				D59BE19E299D5744003698CE /* SceneDelegate.swift */,
				D59BE1A5299D5746003698CE /* Assets.xcassets */,
				D59BE1A7299D5746003698CE /* LaunchScreen.storyboard */,
				D59BE1AA299D5746003698CE /* Info.plist */,
			);
			path = TwitterClone;
			sourceTree = "<group>";
		};
		D59BE1B0299D5987003698CE /* Controllers */ = {
			isa = PBXGroup;
			children = (
				D5D433AA299F946F0072C072 /* General */,
				D59BE1B1299D598E003698CE /* Core */,
			);
			path = Controllers;
			sourceTree = "<group>";
		};
		D59BE1B1299D598E003698CE /* Core */ = {
			isa = PBXGroup;
			children = (
				D59BE1A0299D5744003698CE /* MainTabBarViewController.swift */,
				D59BE1B2299D59AF003698CE /* HomeViewController.swift */,
				D59BE1B4299D59D9003698CE /* SearchViewController.swift */,
				D59BE1B6299D59E9003698CE /* NotificationsViewController.swift */,
				D59BE1B8299D59FA003698CE /* DirectMessagesViewController.swift */,
			);
			path = Core;
			sourceTree = "<group>";
		};
		D5D433AA299F946F0072C072 /* General */ = {
			isa = PBXGroup;
			children = (
				D5D433AB299F948B0072C072 /* ProfileViewController.swift */,
			);
			path = General;
			sourceTree = "<group>";
		};
/* End PBXGroup section */

/* Begin PBXNativeTarget section */
		D59BE198299D5744003698CE /* TwitterClone */ = {
			isa = PBXNativeTarget;
			buildConfigurationList = D59BE1AD299D5746003698CE /* Build configuration list for PBXNativeTarget "TwitterClone" */;
			buildPhases = (
				D59BE195299D5744003698CE /* Sources */,
				D59BE196299D5744003698CE /* Frameworks */,
				D59BE197299D5744003698CE /* Resources */,
			);
			buildRules = (
			);
			dependencies = (
			);
			name = TwitterClone;
			productName = TwitterClone;
			productReference = D59BE199299D5744003698CE /* TwitterClone.app */;
			productType = "com.apple.product-type.application";
		};
/* End PBXNativeTarget section */

/* Begin PBXProject section */
		D59BE191299D5744003698CE /* Project object */ = {
			isa = PBXProject;
			attributes = {
				BuildIndependentTargetsInParallel = 1;
				LastSwiftUpdateCheck = 1320;
				LastUpgradeCheck = 1320;
				TargetAttributes = {
					D59BE198299D5744003698CE = {
						CreatedOnToolsVersion = 13.2.1;
					};
				};
			};
			buildConfigurationList = D59BE194299D5744003698CE /* Build configuration list for PBXProject "TwitterClone" */;
			compatibilityVersion = "Xcode 13.0";
			developmentRegion = en;
			hasScannedForEncodings = 0;
			knownRegions = (
				en,
				Base,
			);
			mainGroup = D59BE190299D5744003698CE;
			productRefGroup = D59BE19A299D5744003698CE /* Products */;
			projectDirPath = "";
			projectRoot = "";
			targets = (
				D59BE198299D5744003698CE /* TwitterClone */,
			);
		};
/* End PBXProject section */

/* Begin PBXResourcesBuildPhase section */
		D59BE197299D5744003698CE /* Resources */ = {
			isa = PBXResourcesBuildPhase;
			buildActionMask = 2147483647;
			files = (
				D59BE1A9299D5746003698CE /* LaunchScreen.storyboard in Resources */,
				D59BE1A6299D5746003698CE /* Assets.xcassets in Resources */,
			);
			runOnlyForDeploymentPostprocessing = 0;
		};
/* End PBXResourcesBuildPhase section */

/* Begin PBXSourcesBuildPhase section */
		D59BE195299D5744003698CE /* Sources */ = {
			isa = PBXSourcesBuildPhase;
			buildActionMask = 2147483647;
			files = (
				D59BE1B5299D59D9003698CE /* SearchViewController.swift in Sources */,
				D59BE1A1299D5744003698CE /* MainTabBarViewController.swift in Sources */,
				D59BE19D299D5744003698CE /* AppDelegate.swift in Sources */,
				D59BE1B7299D59E9003698CE /* NotificationsViewController.swift in Sources */,
				D59BE19F299D5744003698CE /* SceneDelegate.swift in Sources */,
				D59BE1B3299D59AF003698CE /* HomeViewController.swift in Sources */,
				D5D433AC299F948B0072C072 /* ProfileViewController.swift in Sources */,
				D59BE1B9299D59FA003698CE /* DirectMessagesViewController.swift in Sources */,
				D5D433AE299FA23D0072C072 /* ProfileTableViewHeader.swift in Sources */,
				D508A9D4299ED748007B89F7 /* TweetTableViewCell.swift in Sources */,
			);
			runOnlyForDeploymentPostprocessing = 0;
		};
/* End PBXSourcesBuildPhase section */

/* Begin PBXVariantGroup section */
		D59BE1A7299D5746003698CE /* LaunchScreen.storyboard */ = {
			isa = PBXVariantGroup;
			children = (
				D59BE1A8299D5746003698CE /* Base */,
			);
			name = LaunchScreen.storyboard;
			sourceTree = "<group>";
		};
/* End PBXVariantGroup section */

/* Begin XCBuildConfiguration section */
		D59BE1AB299D5746003698CE /* Debug */ = {
			isa = XCBuildConfiguration;
			buildSettings = {
				ALWAYS_SEARCH_USER_PATHS = NO;
				CLANG_ANALYZER_NONNULL = YES;
				CLANG_ANALYZER_NUMBER_OBJECT_CONVERSION = YES_AGGRESSIVE;
				CLANG_CXX_LANGUAGE_STANDARD = "gnu++17";
				CLANG_CXX_LIBRARY = "libc++";
				CLANG_ENABLE_MODULES = YES;
				CLANG_ENABLE_OBJC_ARC = YES;
				CLANG_ENABLE_OBJC_WEAK = YES;
				CLANG_WARN_BLOCK_CAPTURE_AUTORELEASING = YES;
				CLANG_WARN_BOOL_CONVERSION = YES;
				CLANG_WARN_COMMA = YES;
				CLANG_WARN_CONSTANT_CONVERSION = YES;
				CLANG_WARN_DEPRECATED_OBJC_IMPLEMENTATIONS = YES;
				CLANG_WARN_DIRECT_OBJC_ISA_USAGE = YES_ERROR;
				CLANG_WARN_DOCUMENTATION_COMMENTS = YES;
				CLANG_WARN_EMPTY_BODY = YES;
				CLANG_WARN_ENUM_CONVERSION = YES;
				CLANG_WARN_INFINITE_RECURSION = YES;
				CLANG_WARN_INT_CONVERSION = YES;
				CLANG_WARN_NON_LITERAL_NULL_CONVERSION = YES;
				CLANG_WARN_OBJC_IMPLICIT_RETAIN_SELF = YES;
				CLANG_WARN_OBJC_LITERAL_CONVERSION = YES;
				CLANG_WARN_OBJC_ROOT_CLASS = YES_ERROR;
				CLANG_WARN_QUOTED_INCLUDE_IN_FRAMEWORK_HEADER = YES;
				CLANG_WARN_RANGE_LOOP_ANALYSIS = YES;
				CLANG_WARN_STRICT_PROTOTYPES = YES;
				CLANG_WARN_SUSPICIOUS_MOVE = YES;
				CLANG_WARN_UNGUARDED_AVAILABILITY = YES_AGGRESSIVE;
				CLANG_WARN_UNREACHABLE_CODE = YES;
				CLANG_WARN__DUPLICATE_METHOD_MATCH = YES;
				COPY_PHASE_STRIP = NO;
				DEBUG_INFORMATION_FORMAT = dwarf;
				ENABLE_STRICT_OBJC_MSGSEND = YES;
				ENABLE_TESTABILITY = YES;
				GCC_C_LANGUAGE_STANDARD = gnu11;
				GCC_DYNAMIC_NO_PIC = NO;
				GCC_NO_COMMON_BLOCKS = YES;
				GCC_OPTIMIZATION_LEVEL = 0;
				GCC_PREPROCESSOR_DEFINITIONS = (
					"DEBUG=1",
					"$(inherited)",
				);
				GCC_WARN_64_TO_32_BIT_CONVERSION = YES;
				GCC_WARN_ABOUT_RETURN_TYPE = YES_ERROR;
				GCC_WARN_UNDECLARED_SELECTOR = YES;
				GCC_WARN_UNINITIALIZED_AUTOS = YES_AGGRESSIVE;
				GCC_WARN_UNUSED_FUNCTION = YES;
				GCC_WARN_UNUSED_VARIABLE = YES;
				IPHONEOS_DEPLOYMENT_TARGET = 15.2;
				MTL_ENABLE_DEBUG_INFO = INCLUDE_SOURCE;
				MTL_FAST_MATH = YES;
				ONLY_ACTIVE_ARCH = YES;
				SDKROOT = iphoneos;
				SWIFT_ACTIVE_COMPILATION_CONDITIONS = DEBUG;
				SWIFT_OPTIMIZATION_LEVEL = "-Onone";
			};
			name = Debug;
		};
		D59BE1AC299D5746003698CE /* Release */ = {
			isa = XCBuildConfiguration;
			buildSettings = {
				ALWAYS_SEARCH_USER_PATHS = NO;
				CLANG_ANALYZER_NONNULL = YES;
				CLANG_ANALYZER_NUMBER_OBJECT_CONVERSION = YES_AGGRESSIVE;
				CLANG_CXX_LANGUAGE_STANDARD = "gnu++17";
				CLANG_CXX_LIBRARY = "libc++";
				CLANG_ENABLE_MODULES = YES;
				CLANG_ENABLE_OBJC_ARC = YES;
				CLANG_ENABLE_OBJC_WEAK = YES;
				CLANG_WARN_BLOCK_CAPTURE_AUTORELEASING = YES;
				CLANG_WARN_BOOL_CONVERSION = YES;
				CLANG_WARN_COMMA = YES;
				CLANG_WARN_CONSTANT_CONVERSION = YES;
				CLANG_WARN_DEPRECATED_OBJC_IMPLEMENTATIONS = YES;
				CLANG_WARN_DIRECT_OBJC_ISA_USAGE = YES_ERROR;
				CLANG_WARN_DOCUMENTATION_COMMENTS = YES;
				CLANG_WARN_EMPTY_BODY = YES;
				CLANG_WARN_ENUM_CONVERSION = YES;
				CLANG_WARN_INFINITE_RECURSION = YES;
				CLANG_WARN_INT_CONVERSION = YES;
				CLANG_WARN_NON_LITERAL_NULL_CONVERSION = YES;
				CLANG_WARN_OBJC_IMPLICIT_RETAIN_SELF = YES;
				CLANG_WARN_OBJC_LITERAL_CONVERSION = YES;
				CLANG_WARN_OBJC_ROOT_CLASS = YES_ERROR;
				CLANG_WARN_QUOTED_INCLUDE_IN_FRAMEWORK_HEADER = YES;
				CLANG_WARN_RANGE_LOOP_ANALYSIS = YES;
				CLANG_WARN_STRICT_PROTOTYPES = YES;
				CLANG_WARN_SUSPICIOUS_MOVE = YES;
				CLANG_WARN_UNGUARDED_AVAILABILITY = YES_AGGRESSIVE;
				CLANG_WARN_UNREACHABLE_CODE = YES;
				CLANG_WARN__DUPLICATE_METHOD_MATCH = YES;
				COPY_PHASE_STRIP = NO;
				DEBUG_INFORMATION_FORMAT = "dwarf-with-dsym";
				ENABLE_NS_ASSERTIONS = NO;
				ENABLE_STRICT_OBJC_MSGSEND = YES;
				GCC_C_LANGUAGE_STANDARD = gnu11;
				GCC_NO_COMMON_BLOCKS = YES;
				GCC_WARN_64_TO_32_BIT_CONVERSION = YES;
				GCC_WARN_ABOUT_RETURN_TYPE = YES_ERROR;
				GCC_WARN_UNDECLARED_SELECTOR = YES;
				GCC_WARN_UNINITIALIZED_AUTOS = YES_AGGRESSIVE;
				GCC_WARN_UNUSED_FUNCTION = YES;
				GCC_WARN_UNUSED_VARIABLE = YES;
				IPHONEOS_DEPLOYMENT_TARGET = 15.2;
				MTL_ENABLE_DEBUG_INFO = NO;
				MTL_FAST_MATH = YES;
				SDKROOT = iphoneos;
				SWIFT_COMPILATION_MODE = wholemodule;
				SWIFT_OPTIMIZATION_LEVEL = "-O";
				VALIDATE_PRODUCT = YES;
			};
			name = Release;
		};
		D59BE1AE299D5746003698CE /* Debug */ = {
			isa = XCBuildConfiguration;
			buildSettings = {
				ASSETCATALOG_COMPILER_APPICON_NAME = AppIcon;
				ASSETCATALOG_COMPILER_GLOBAL_ACCENT_COLOR_NAME = AccentColor;
				CODE_SIGN_STYLE = Automatic;
				CURRENT_PROJECT_VERSION = 1;
				GENERATE_INFOPLIST_FILE = YES;
				INFOPLIST_FILE = TwitterClone/Info.plist;
				INFOPLIST_KEY_UIApplicationSupportsIndirectInputEvents = YES;
				INFOPLIST_KEY_UILaunchStoryboardName = LaunchScreen;
				INFOPLIST_KEY_UISupportedInterfaceOrientations_iPad = "UIInterfaceOrientationPortrait UIInterfaceOrientationPortraitUpsideDown UIInterfaceOrientationLandscapeLeft UIInterfaceOrientationLandscapeRight";
				INFOPLIST_KEY_UISupportedInterfaceOrientations_iPhone = "UIInterfaceOrientationPortrait UIInterfaceOrientationLandscapeLeft UIInterfaceOrientationLandscapeRight";
				LD_RUNPATH_SEARCH_PATHS = (
					"$(inherited)",
					"@executable_path/Frameworks",
				);
				MARKETING_VERSION = 1.0;
				PRODUCT_BUNDLE_IDENTIFIER = spm.com.TwitterClone;
				PRODUCT_NAME = "$(TARGET_NAME)";
				SWIFT_EMIT_LOC_STRINGS = YES;
				SWIFT_VERSION = 5.0;
				TARGETED_DEVICE_FAMILY = "1,2";
			};
			name = Debug;
		};
		D59BE1AF299D5746003698CE /* Release */ = {
			isa = XCBuildConfiguration;
			buildSettings = {
				ASSETCATALOG_COMPILER_APPICON_NAME = AppIcon;
				ASSETCATALOG_COMPILER_GLOBAL_ACCENT_COLOR_NAME = AccentColor;
				CODE_SIGN_STYLE = Automatic;
				CURRENT_PROJECT_VERSION = 1;
				GENERATE_INFOPLIST_FILE = YES;
				INFOPLIST_FILE = TwitterClone/Info.plist;
				INFOPLIST_KEY_UIApplicationSupportsIndirectInputEvents = YES;
				INFOPLIST_KEY_UILaunchStoryboardName = LaunchScreen;
				INFOPLIST_KEY_UISupportedInterfaceOrientations_iPad = "UIInterfaceOrientationPortrait UIInterfaceOrientationPortraitUpsideDown UIInterfaceOrientationLandscapeLeft UIInterfaceOrientationLandscapeRight";
				INFOPLIST_KEY_UISupportedInterfaceOrientations_iPhone = "UIInterfaceOrientationPortrait UIInterfaceOrientationLandscapeLeft UIInterfaceOrientationLandscapeRight";
				LD_RUNPATH_SEARCH_PATHS = (
					"$(inherited)",
					"@executable_path/Frameworks",
				);
				MARKETING_VERSION = 1.0;
				PRODUCT_BUNDLE_IDENTIFIER = spm.com.TwitterClone;
				PRODUCT_NAME = "$(TARGET_NAME)";
				SWIFT_EMIT_LOC_STRINGS = YES;
				SWIFT_VERSION = 5.0;
				TARGETED_DEVICE_FAMILY = "1,2";
			};
			name = Release;
		};
/* End XCBuildConfiguration section */

/* Begin XCConfigurationList section */
		D59BE194299D5744003698CE /* Build configuration list for PBXProject "TwitterClone" */ = {
			isa = XCConfigurationList;
			buildConfigurations = (
				D59BE1AB299D5746003698CE /* Debug */,
				D59BE1AC299D5746003698CE /* Release */,
			);
			defaultConfigurationIsVisible = 0;
			defaultConfigurationName = Release;
		};
		D59BE1AD299D5746003698CE /* Build configuration list for PBXNativeTarget "TwitterClone" */ = {
			isa = XCConfigurationList;
			buildConfigurations = (
				D59BE1AE299D5746003698CE /* Debug */,
				D59BE1AF299D5746003698CE /* Release */,
			);
			defaultConfigurationIsVisible = 0;
			defaultConfigurationName = Release;
		};
/* End XCConfigurationList section */
	};
	rootObject = D59BE191299D5744003698CE /* Project object */;
}
